
Microsoft Visual Studio Solution File, Format Version 12.00
# Visual Studio Version 17
VisualStudioVersion = 17.11.35222.181
MinimumVisualStudioVersion = 10.0.40219.1
Project("{FAE04EC0-301F-11D3-BF4B-00C04F79EFBC}") = "DemProject1", "DemProject1\DemProject1.csproj", "{0889498D-B938-4993-A6AA-3E0C39312A98}"
EndProject
Global
	GlobalSection(SolutionConfigurationPlatforms) = preSolution
		Debug|Any CPU = Debug|Any CPU
		Release|Any CPU = Release|Any CPU
	EndGlobalSection
	GlobalSection(ProjectConfigurationPlatforms) = postSolution
		{0889498D-B938-4993-A6AA-3E0C39312A98}.Debug|Any CPU.ActiveCfg = Debug|Any CPU
		{0889498D-B938-4993-A6AA-3E0C39312A98}.Debug|Any CPU.Build.0 = Debug|Any CPU
		{0889498D-B938-4993-A6AA-3E0C39312A98}.Release|Any CPU.ActiveCfg = Release|Any CPU
		{0889498D-B938-4993-A6AA-3E0C39312A98}.Release|Any CPU.Build.0 = Release|Any CPU
	EndGlobalSection
	GlobalSection(SolutionProperties) = preSolution
		HideSolutionNode = FALSE
	EndGlobalSection
	GlobalSection(ExtensibilityGlobals) = postSolution
		SolutionGuid = {A5B1C24F-E1CD-4F95-91EA-C6183CB02937}
	EndGlobalSection
EndGlobal
